
Microsoft Visual Studio Solution File, Format Version 12.00
# Visual Studio Version 17
VisualStudioVersion = 17.3.32825.248
MinimumVisualStudioVersion = 10.0.40219.1
Project("{FAE04EC0-301F-11D3-BF4B-00C04F79EFBC}") = "containercp", "containercp\containercp.csproj", "{DB9FD419-268B-469A-AF49-24BC2F0CD73F}"
EndProject
Project("{FAE04EC0-301F-11D3-BF4B-00C04F79EFBC}") = "ContainerdLibrary", "ContainerdLibrary\ContainerdLibrary.csproj", "{2E42C948-1FB8-434A-95E9-88FDE43193EE}"
EndProject
Project("{FAE04EC0-301F-11D3-BF4B-00C04F79EFBC}") = "ContainerdLibrary.Tests", "ContainerdLibrary.Tests\ContainerdLibrary.Tests.csproj", "{EE84F4CF-9C0F-4154-B3D5-B0FECD32D4F8}"
EndProject
Global
	GlobalSection(SolutionConfigurationPlatforms) = preSolution
		Debug|Any CPU = Debug|Any CPU
		Release|Any CPU = Release|Any CPU
	EndGlobalSection
	GlobalSection(ProjectConfigurationPlatforms) = postSolution
		{DB9FD419-268B-469A-AF49-24BC2F0CD73F}.Debug|Any CPU.ActiveCfg = Debug|Any CPU
		{DB9FD419-268B-469A-AF49-24BC2F0CD73F}.Debug|Any CPU.Build.0 = Debug|Any CPU
		{DB9FD419-268B-469A-AF49-24BC2F0CD73F}.Release|Any CPU.ActiveCfg = Release|Any CPU
		{DB9FD419-268B-469A-AF49-24BC2F0CD73F}.Release|Any CPU.Build.0 = Release|Any CPU
		{2E42C948-1FB8-434A-95E9-88FDE43193EE}.Debug|Any CPU.ActiveCfg = Debug|Any CPU
		{2E42C948-1FB8-434A-95E9-88FDE43193EE}.Debug|Any CPU.Build.0 = Debug|Any CPU
		{2E42C948-1FB8-434A-95E9-88FDE43193EE}.Release|Any CPU.ActiveCfg = Release|Any CPU
		{2E42C948-1FB8-434A-95E9-88FDE43193EE}.Release|Any CPU.Build.0 = Release|Any CPU
		{EE84F4CF-9C0F-4154-B3D5-B0FECD32D4F8}.Debug|Any CPU.ActiveCfg = Debug|Any CPU
		{EE84F4CF-9C0F-4154-B3D5-B0FECD32D4F8}.Debug|Any CPU.Build.0 = Debug|Any CPU
		{EE84F4CF-9C0F-4154-B3D5-B0FECD32D4F8}.Release|Any CPU.ActiveCfg = Release|Any CPU
		{EE84F4CF-9C0F-4154-B3D5-B0FECD32D4F8}.Release|Any CPU.Build.0 = Release|Any CPU
	EndGlobalSection
	GlobalSection(SolutionProperties) = preSolution
		HideSolutionNode = FALSE
	EndGlobalSection
	GlobalSection(ExtensibilityGlobals) = postSolution
		SolutionGuid = {017DA769-BB80-4803-8869-0CA62043B8F9}
	EndGlobalSection
EndGlobal
